
Microsoft Visual Studio Solution File, Format Version 12.00
# Visual Studio Version 16
VisualStudioVersion = 16.0.29613.14
MinimumVisualStudioVersion = 10.0.40219.1
Project("{FAE04EC0-301F-11D3-BF4B-00C04F79EFBC}") = "TrafikLambası", "TrafikLambası\TrafikLambası.csproj", "{6CD18654-E80C-4CEB-88D7-AB7CA41152B5}"
EndProject
Global
	GlobalSection(SolutionConfigurationPlatforms) = preSolution
		Debug|Any CPU = Debug|Any CPU
		Release|Any CPU = Release|Any CPU
	EndGlobalSection
	GlobalSection(ProjectConfigurationPlatforms) = postSolution
		{6CD18654-E80C-4CEB-88D7-AB7CA41152B5}.Debug|Any CPU.ActiveCfg = Debug|Any CPU
		{6CD18654-E80C-4CEB-88D7-AB7CA41152B5}.Debug|Any CPU.Build.0 = Debug|Any CPU
		{6CD18654-E80C-4CEB-88D7-AB7CA41152B5}.Release|Any CPU.ActiveCfg = Release|Any CPU
		{6CD18654-E80C-4CEB-88D7-AB7CA41152B5}.Release|Any CPU.Build.0 = Release|Any CPU
	EndGlobalSection
	GlobalSection(SolutionProperties) = preSolution
		HideSolutionNode = FALSE
	EndGlobalSection
	GlobalSection(ExtensibilityGlobals) = postSolution
		SolutionGuid = {D67602ED-7ABA-47FC-9FCC-290ACB02BDA1}
	EndGlobalSection
EndGlobal
